// !$*UTF8*$!
{
	archiveVersion = 1;
	classes = {
	};
	objectVersion = 50;
	objects = {

/* Begin PBXBuildFile section */
		77B27A6123735CA600A9B68F /* AppDelegate.m in Sources */ = {isa = PBXBuildFile; fileRef = 77B27A6023735CA600A9B68F /* AppDelegate.m */; };
		77B27A6423735CA600A9B68F /* SceneDelegate.m in Sources */ = {isa = PBXBuildFile; fileRef = 77B27A6323735CA600A9B68F /* SceneDelegate.m */; };
		77B27A6A23735CA600A9B68F /* Main.storyboard in Resources */ = {isa = PBXBuildFile; fileRef = 77B27A6823735CA600A9B68F /* Main.storyboard */; };
		77B27A6C23735CA700A9B68F /* Assets.xcassets in Resources */ = {isa = PBXBuildFile; fileRef = 77B27A6B23735CA700A9B68F /* Assets.xcassets */; };
		77B27A6F23735CA700A9B68F /* LaunchScreen.storyboard in Resources */ = {isa = PBXBuildFile; fileRef = 77B27A6D23735CA700A9B68F /* LaunchScreen.storyboard */; };
		77B27A7223735CA700A9B68F /* main.m in Sources */ = {isa = PBXBuildFile; fileRef = 77B27A7123735CA700A9B68F /* main.m */; };
		77B27A812373651500A9B68F /* CDBDocsTableViewController.m in Sources */ = {isa = PBXBuildFile; fileRef = 77B27A802373651500A9B68F /* CDBDocsTableViewController.m */; };
		77B27A842373692A00A9B68F /* CDBDocsViewController.m in Sources */ = {isa = PBXBuildFile; fileRef = 77B27A832373692A00A9B68F /* CDBDocsViewController.m */; };
		77B27A872373769E00A9B68F /* NSString+CDBWordCount.m in Sources */ = {isa = PBXBuildFile; fileRef = 77B27A862373769E00A9B68F /* NSString+CDBWordCount.m */; };
/* End PBXBuildFile section */

/* Begin PBXFileReference section */
		77B27A5C23735CA600A9B68F /* Documents-ObjC.app */ = {isa = PBXFileReference; explicitFileType = wrapper.application; includeInIndex = 0; path = "Documents-ObjC.app"; sourceTree = BUILT_PRODUCTS_DIR; };
		77B27A5F23735CA600A9B68F /* AppDelegate.h */ = {isa = PBXFileReference; lastKnownFileType = sourcecode.c.h; path = AppDelegate.h; sourceTree = "<group>"; };
		77B27A6023735CA600A9B68F /* AppDelegate.m */ = {isa = PBXFileReference; lastKnownFileType = sourcecode.c.objc; path = AppDelegate.m; sourceTree = "<group>"; };
		77B27A6223735CA600A9B68F /* SceneDelegate.h */ = {isa = PBXFileReference; lastKnownFileType = sourcecode.c.h; path = SceneDelegate.h; sourceTree = "<group>"; };
		77B27A6323735CA600A9B68F /* SceneDelegate.m */ = {isa = PBXFileReference; lastKnownFileType = sourcecode.c.objc; path = SceneDelegate.m; sourceTree = "<group>"; };
		77B27A6923735CA600A9B68F /* Base */ = {isa = PBXFileReference; lastKnownFileType = file.storyboard; name = Base; path = Base.lproj/Main.storyboard; sourceTree = "<group>"; };
		77B27A6B23735CA700A9B68F /* Assets.xcassets */ = {isa = PBXFileReference; lastKnownFileType = folder.assetcatalog; path = Assets.xcassets; sourceTree = "<group>"; };
		77B27A6E23735CA700A9B68F /* Base */ = {isa = PBXFileReference; lastKnownFileType = file.storyboard; name = Base; path = Base.lproj/LaunchScreen.storyboard; sourceTree = "<group>"; };
		77B27A7023735CA700A9B68F /* Info.plist */ = {isa = PBXFileReference; lastKnownFileType = text.plist.xml; path = Info.plist; sourceTree = "<group>"; };
		77B27A7123735CA700A9B68F /* main.m */ = {isa = PBXFileReference; lastKnownFileType = sourcecode.c.objc; path = main.m; sourceTree = "<group>"; };
		77B27A7F2373651500A9B68F /* CDBDocsTableViewController.h */ = {isa = PBXFileReference; lastKnownFileType = sourcecode.c.h; path = CDBDocsTableViewController.h; sourceTree = "<group>"; };
		77B27A802373651500A9B68F /* CDBDocsTableViewController.m */ = {isa = PBXFileReference; lastKnownFileType = sourcecode.c.objc; path = CDBDocsTableViewController.m; sourceTree = "<group>"; };
		77B27A822373692A00A9B68F /* CDBDocsViewController.h */ = {isa = PBXFileReference; lastKnownFileType = sourcecode.c.h; path = CDBDocsViewController.h; sourceTree = "<group>"; };
		77B27A832373692A00A9B68F /* CDBDocsViewController.m */ = {isa = PBXFileReference; lastKnownFileType = sourcecode.c.objc; path = CDBDocsViewController.m; sourceTree = "<group>"; };
		77B27A852373769E00A9B68F /* NSString+CDBWordCount.h */ = {isa = PBXFileReference; lastKnownFileType = sourcecode.c.h; path = "NSString+CDBWordCount.h"; sourceTree = "<group>"; };
		77B27A862373769E00A9B68F /* NSString+CDBWordCount.m */ = {isa = PBXFileReference; lastKnownFileType = sourcecode.c.objc; path = "NSString+CDBWordCount.m"; sourceTree = "<group>"; };
/* End PBXFileReference section */

/* Begin PBXFrameworksBuildPhase section */
		77B27A5923735CA600A9B68F /* Frameworks */ = {
			isa = PBXFrameworksBuildPhase;
			buildActionMask = 2147483647;
			files = (
			);
			runOnlyForDeploymentPostprocessing = 0;
		};
/* End PBXFrameworksBuildPhase section */

/* Begin PBXGroup section */
		77B27A5323735CA600A9B68F = {
			isa = PBXGroup;
			children = (
				77B27A5E23735CA600A9B68F /* Documents-ObjC */,
				77B27A5D23735CA600A9B68F /* Products */,
			);
			sourceTree = "<group>";
		};
		77B27A5D23735CA600A9B68F /* Products */ = {
			isa = PBXGroup;
			children = (
				77B27A5C23735CA600A9B68F /* Documents-ObjC.app */,
			);
			name = Products;
			sourceTree = "<group>";
		};
		77B27A5E23735CA600A9B68F /* Documents-ObjC */ = {
			isa = PBXGroup;
			children = (
				77B27A7A237363F200A9B68F /* Storyboards */,
				77B27A7C2373641900A9B68F /* View Controllers */,
				77B27A7E2373643000A9B68F /* Model Controllers */,
				77B27A7D2373642800A9B68F /* Models */,
				77B27A7B2373640000A9B68F /* Resources */,
				77B27A7023735CA700A9B68F /* Info.plist */,
			);
			path = "Documents-ObjC";
			sourceTree = "<group>";
		};
		77B27A7A237363F200A9B68F /* Storyboards */ = {
			isa = PBXGroup;
			children = (
				77B27A6823735CA600A9B68F /* Main.storyboard */,
				77B27A6D23735CA700A9B68F /* LaunchScreen.storyboard */,
			);
			path = Storyboards;
			sourceTree = "<group>";
		};
		77B27A7B2373640000A9B68F /* Resources */ = {
			isa = PBXGroup;
			children = (
				77B27A5F23735CA600A9B68F /* AppDelegate.h */,
				77B27A6023735CA600A9B68F /* AppDelegate.m */,
				77B27A6223735CA600A9B68F /* SceneDelegate.h */,
				77B27A6323735CA600A9B68F /* SceneDelegate.m */,
				77B27A7123735CA700A9B68F /* main.m */,
				77B27A6B23735CA700A9B68F /* Assets.xcassets */,
			);
			path = Resources;
			sourceTree = "<group>";
		};
		77B27A7C2373641900A9B68F /* View Controllers */ = {
			isa = PBXGroup;
			children = (
				77B27A7F2373651500A9B68F /* CDBDocsTableViewController.h */,
				77B27A802373651500A9B68F /* CDBDocsTableViewController.m */,
				77B27A822373692A00A9B68F /* CDBDocsViewController.h */,
				77B27A832373692A00A9B68F /* CDBDocsViewController.m */,
			);
			path = "View Controllers";
			sourceTree = "<group>";
		};
		77B27A7D2373642800A9B68F /* Models */ = {
			isa = PBXGroup;
			children = (
				77B27A852373769E00A9B68F /* NSString+CDBWordCount.h */,
				77B27A862373769E00A9B68F /* NSString+CDBWordCount.m */,
			);
			path = Models;
			sourceTree = "<group>";
		};
		77B27A7E2373643000A9B68F /* Model Controllers */ = {
			isa = PBXGroup;
			children = (
			);
			path = "Model Controllers";
			sourceTree = "<group>";
		};
/* End PBXGroup section */

/* Begin PBXNativeTarget section */
		77B27A5B23735CA600A9B68F /* Documents-ObjC */ = {
			isa = PBXNativeTarget;
			buildConfigurationList = 77B27A7523735CA700A9B68F /* Build configuration list for PBXNativeTarget "Documents-ObjC" */;
			buildPhases = (
				77B27A5823735CA600A9B68F /* Sources */,
				77B27A5923735CA600A9B68F /* Frameworks */,
				77B27A5A23735CA600A9B68F /* Resources */,
			);
			buildRules = (
			);
			dependencies = (
			);
			name = "Documents-ObjC";
			productName = "Documents-ObjC";
			productReference = 77B27A5C23735CA600A9B68F /* Documents-ObjC.app */;
			productType = "com.apple.product-type.application";
		};
/* End PBXNativeTarget section */

/* Begin PBXProject section */
		77B27A5423735CA600A9B68F /* Project object */ = {
			isa = PBXProject;
			attributes = {
				CLASSPREFIX = CDB;
				LastUpgradeCheck = 1110;
				ORGANIZATIONNAME = "Ciara Beitel";
				TargetAttributes = {
					77B27A5B23735CA600A9B68F = {
						CreatedOnToolsVersion = 11.1;
					};
				};
			};
			buildConfigurationList = 77B27A5723735CA600A9B68F /* Build configuration list for PBXProject "Documents-ObjC" */;
			compatibilityVersion = "Xcode 9.3";
			developmentRegion = en;
			hasScannedForEncodings = 0;
			knownRegions = (
				en,
				Base,
			);
			mainGroup = 77B27A5323735CA600A9B68F;
			productRefGroup = 77B27A5D23735CA600A9B68F /* Products */;
			projectDirPath = "";
			projectRoot = "";
			targets = (
				77B27A5B23735CA600A9B68F /* Documents-ObjC */,
			);
		};
/* End PBXProject section */

/* Begin PBXResourcesBuildPhase section */
		77B27A5A23735CA600A9B68F /* Resources */ = {
			isa = PBXResourcesBuildPhase;
			buildActionMask = 2147483647;
			files = (
				77B27A6F23735CA700A9B68F /* LaunchScreen.storyboard in Resources */,
				77B27A6C23735CA700A9B68F /* Assets.xcassets in Resources */,
				77B27A6A23735CA600A9B68F /* Main.storyboard in Resources */,
			);
			runOnlyForDeploymentPostprocessing = 0;
		};
/* End PBXResourcesBuildPhase section */

/* Begin PBXSourcesBuildPhase section */
		77B27A5823735CA600A9B68F /* Sources */ = {
			isa = PBXSourcesBuildPhase;
			buildActionMask = 2147483647;
			files = (
				77B27A812373651500A9B68F /* CDBDocsTableViewController.m in Sources */,
				77B27A872373769E00A9B68F /* NSString+CDBWordCount.m in Sources */,
				77B27A6123735CA600A9B68F /* AppDelegate.m in Sources */,
				77B27A842373692A00A9B68F /* CDBDocsViewController.m in Sources */,
				77B27A7223735CA700A9B68F /* main.m in Sources */,
				77B27A6423735CA600A9B68F /* SceneDelegate.m in Sources */,
			);
			runOnlyForDeploymentPostprocessing = 0;
		};
/* End PBXSourcesBuildPhase section */

/* Begin PBXVariantGroup section */
		77B27A6823735CA600A9B68F /* Main.storyboard */ = {
			isa = PBXVariantGroup;
			children = (
				77B27A6923735CA600A9B68F /* Base */,
			);
			name = Main.storyboard;
			sourceTree = "<group>";
		};
		77B27A6D23735CA700A9B68F /* LaunchScreen.storyboard */ = {
			isa = PBXVariantGroup;
			children = (
				77B27A6E23735CA700A9B68F /* Base */,
			);
			name = LaunchScreen.storyboard;
			sourceTree = "<group>";
		};
/* End PBXVariantGroup section */

/* Begin XCBuildConfiguration section */
		77B27A7323735CA700A9B68F /* Debug */ = {
			isa = XCBuildConfiguration;
			buildSettings = {
				ALWAYS_SEARCH_USER_PATHS = NO;
				CLANG_ANALYZER_NONNULL = YES;
				CLANG_ANALYZER_NUMBER_OBJECT_CONVERSION = YES_AGGRESSIVE;
				CLANG_CXX_LANGUAGE_STANDARD = "gnu++14";
				CLANG_CXX_LIBRARY = "libc++";
				CLANG_ENABLE_MODULES = YES;
				CLANG_ENABLE_OBJC_ARC = YES;
				CLANG_ENABLE_OBJC_WEAK = YES;
				CLANG_WARN_BLOCK_CAPTURE_AUTORELEASING = YES;
				CLANG_WARN_BOOL_CONVERSION = YES;
				CLANG_WARN_COMMA = YES;
				CLANG_WARN_CONSTANT_CONVERSION = YES;
				CLANG_WARN_DEPRECATED_OBJC_IMPLEMENTATIONS = YES;
				CLANG_WARN_DIRECT_OBJC_ISA_USAGE = YES_ERROR;
				CLANG_WARN_DOCUMENTATION_COMMENTS = YES;
				CLANG_WARN_EMPTY_BODY = YES;
				CLANG_WARN_ENUM_CONVERSION = YES;
				CLANG_WARN_INFINITE_RECURSION = YES;
				CLANG_WARN_INT_CONVERSION = YES;
				CLANG_WARN_NON_LITERAL_NULL_CONVERSION = YES;
				CLANG_WARN_OBJC_IMPLICIT_RETAIN_SELF = YES;
				CLANG_WARN_OBJC_LITERAL_CONVERSION = YES;
				CLANG_WARN_OBJC_ROOT_CLASS = YES_ERROR;
				CLANG_WARN_RANGE_LOOP_ANALYSIS = YES;
				CLANG_WARN_STRICT_PROTOTYPES = YES;
				CLANG_WARN_SUSPICIOUS_MOVE = YES;
				CLANG_WARN_UNGUARDED_AVAILABILITY = YES_AGGRESSIVE;
				CLANG_WARN_UNREACHABLE_CODE = YES;
				CLANG_WARN__DUPLICATE_METHOD_MATCH = YES;
				COPY_PHASE_STRIP = NO;
				DEBUG_INFORMATION_FORMAT = dwarf;
				ENABLE_STRICT_OBJC_MSGSEND = YES;
				ENABLE_TESTABILITY = YES;
				GCC_C_LANGUAGE_STANDARD = gnu11;
				GCC_DYNAMIC_NO_PIC = NO;
				GCC_NO_COMMON_BLOCKS = YES;
				GCC_OPTIMIZATION_LEVEL = 0;
				GCC_PREPROCESSOR_DEFINITIONS = (
					"DEBUG=1",
					"$(inherited)",
				);
				GCC_WARN_64_TO_32_BIT_CONVERSION = YES;
				GCC_WARN_ABOUT_RETURN_TYPE = YES_ERROR;
				GCC_WARN_UNDECLARED_SELECTOR = YES;
				GCC_WARN_UNINITIALIZED_AUTOS = YES_AGGRESSIVE;
				GCC_WARN_UNUSED_FUNCTION = YES;
				GCC_WARN_UNUSED_VARIABLE = YES;
				IPHONEOS_DEPLOYMENT_TARGET = 13.1;
				MTL_ENABLE_DEBUG_INFO = INCLUDE_SOURCE;
				MTL_FAST_MATH = YES;
				ONLY_ACTIVE_ARCH = YES;
				SDKROOT = iphoneos;
			};
			name = Debug;
		};
		77B27A7423735CA700A9B68F /* Release */ = {
			isa = XCBuildConfiguration;
			buildSettings = {
				ALWAYS_SEARCH_USER_PATHS = NO;
				CLANG_ANALYZER_NONNULL = YES;
				CLANG_ANALYZER_NUMBER_OBJECT_CONVERSION = YES_AGGRESSIVE;
				CLANG_CXX_LANGUAGE_STANDARD = "gnu++14";
				CLANG_CXX_LIBRARY = "libc++";
				CLANG_ENABLE_MODULES = YES;
				CLANG_ENABLE_OBJC_ARC = YES;
				CLANG_ENABLE_OBJC_WEAK = YES;
				CLANG_WARN_BLOCK_CAPTURE_AUTORELEASING = YES;
				CLANG_WARN_BOOL_CONVERSION = YES;
				CLANG_WARN_COMMA = YES;
				CLANG_WARN_CONSTANT_CONVERSION = YES;
				CLANG_WARN_DEPRECATED_OBJC_IMPLEMENTATIONS = YES;
				CLANG_WARN_DIRECT_OBJC_ISA_USAGE = YES_ERROR;
				CLANG_WARN_DOCUMENTATION_COMMENTS = YES;
				CLANG_WARN_EMPTY_BODY = YES;
				CLANG_WARN_ENUM_CONVERSION = YES;
				CLANG_WARN_INFINITE_RECURSION = YES;
				CLANG_WARN_INT_CONVERSION = YES;
				CLANG_WARN_NON_LITERAL_NULL_CONVERSION = YES;
				CLANG_WARN_OBJC_IMPLICIT_RETAIN_SELF = YES;
				CLANG_WARN_OBJC_LITERAL_CONVERSION = YES;
				CLANG_WARN_OBJC_ROOT_CLASS = YES_ERROR;
				CLANG_WARN_RANGE_LOOP_ANALYSIS = YES;
				CLANG_WARN_STRICT_PROTOTYPES = YES;
				CLANG_WARN_SUSPICIOUS_MOVE = YES;
				CLANG_WARN_UNGUARDED_AVAILABILITY = YES_AGGRESSIVE;
				CLANG_WARN_UNREACHABLE_CODE = YES;
				CLANG_WARN__DUPLICATE_METHOD_MATCH = YES;
				COPY_PHASE_STRIP = NO;
				DEBUG_INFORMATION_FORMAT = "dwarf-with-dsym";
				ENABLE_NS_ASSERTIONS = NO;
				ENABLE_STRICT_OBJC_MSGSEND = YES;
				GCC_C_LANGUAGE_STANDARD = gnu11;
				GCC_NO_COMMON_BLOCKS = YES;
				GCC_WARN_64_TO_32_BIT_CONVERSION = YES;
				GCC_WARN_ABOUT_RETURN_TYPE = YES_ERROR;
				GCC_WARN_UNDECLARED_SELECTOR = YES;
				GCC_WARN_UNINITIALIZED_AUTOS = YES_AGGRESSIVE;
				GCC_WARN_UNUSED_FUNCTION = YES;
				GCC_WARN_UNUSED_VARIABLE = YES;
				IPHONEOS_DEPLOYMENT_TARGET = 13.1;
				MTL_ENABLE_DEBUG_INFO = NO;
				MTL_FAST_MATH = YES;
				SDKROOT = iphoneos;
				VALIDATE_PRODUCT = YES;
			};
			name = Release;
		};
		77B27A7623735CA700A9B68F /* Debug */ = {
			isa = XCBuildConfiguration;
			buildSettings = {
				ASSETCATALOG_COMPILER_APPICON_NAME = AppIcon;
				CODE_SIGN_STYLE = Automatic;
				DEVELOPMENT_TEAM = 63GJL7X8L2;
				INFOPLIST_FILE = "Documents-ObjC/Info.plist";
				LD_RUNPATH_SEARCH_PATHS = (
					"$(inherited)",
					"@executable_path/Frameworks",
				);
				PRODUCT_BUNDLE_IDENTIFIER = "com.ciaranotclara.Documents-ObjC";
				PRODUCT_NAME = "$(TARGET_NAME)";
				TARGETED_DEVICE_FAMILY = "1,2";
			};
			name = Debug;
		};
		77B27A7723735CA700A9B68F /* Release */ = {
			isa = XCBuildConfiguration;
			buildSettings = {
				ASSETCATALOG_COMPILER_APPICON_NAME = AppIcon;
				CODE_SIGN_STYLE = Automatic;
				DEVELOPMENT_TEAM = 63GJL7X8L2;
				INFOPLIST_FILE = "Documents-ObjC/Info.plist";
				LD_RUNPATH_SEARCH_PATHS = (
					"$(inherited)",
					"@executable_path/Frameworks",
				);
				PRODUCT_BUNDLE_IDENTIFIER = "com.ciaranotclara.Documents-ObjC";
				PRODUCT_NAME = "$(TARGET_NAME)";
				TARGETED_DEVICE_FAMILY = "1,2";
			};
			name = Release;
		};
/* End XCBuildConfiguration section */

/* Begin XCConfigurationList section */
		77B27A5723735CA600A9B68F /* Build configuration list for PBXProject "Documents-ObjC" */ = {
			isa = XCConfigurationList;
			buildConfigurations = (
				77B27A7323735CA700A9B68F /* Debug */,
				77B27A7423735CA700A9B68F /* Release */,
			);
			defaultConfigurationIsVisible = 0;
			defaultConfigurationName = Release;
		};
		77B27A7523735CA700A9B68F /* Build configuration list for PBXNativeTarget "Documents-ObjC" */ = {
			isa = XCConfigurationList;
			buildConfigurations = (
				77B27A7623735CA700A9B68F /* Debug */,
				77B27A7723735CA700A9B68F /* Release */,
			);
			defaultConfigurationIsVisible = 0;
			defaultConfigurationName = Release;
		};
/* End XCConfigurationList section */
	};
	rootObject = 77B27A5423735CA600A9B68F /* Project object */;
}
